// !$*UTF8*$!
{
	archiveVersion = 1;
	classes = {
	};
	objectVersion = 55;
	objects = {

/* Begin PBXBuildFile section */
		82048F63280E72B9000BACC3 /* FruitModel.swift in Sources */ = {isa = PBXBuildFile; fileRef = 82048F62280E72B9000BACC3 /* FruitModel.swift */; };
		82048F66280E7330000BACC3 /* FruitData.swift in Sources */ = {isa = PBXBuildFile; fileRef = 82048F65280E7330000BACC3 /* FruitData.swift */; };
		82048F68280E7704000BACC3 /* FruitRowView.swift in Sources */ = {isa = PBXBuildFile; fileRef = 82048F67280E7704000BACC3 /* FruitRowView.swift */; };
		82048F6A280E79A3000BACC3 /* FruitDetailView.swift in Sources */ = {isa = PBXBuildFile; fileRef = 82048F69280E79A3000BACC3 /* FruitDetailView.swift */; };
		82048F6C280E7B7A000BACC3 /* FruitHeaderView.swift in Sources */ = {isa = PBXBuildFile; fileRef = 82048F6B280E7B7A000BACC3 /* FruitHeaderView.swift */; };
		82048F6E280E7D02000BACC3 /* SourceLinkView.swift in Sources */ = {isa = PBXBuildFile; fileRef = 82048F6D280E7D02000BACC3 /* SourceLinkView.swift */; };
		82048F70280E7E82000BACC3 /* FriutNutrientsView.swift in Sources */ = {isa = PBXBuildFile; fileRef = 82048F6F280E7E82000BACC3 /* FriutNutrientsView.swift */; };
		82048F72280E82DF000BACC3 /* SettingsView.swift in Sources */ = {isa = PBXBuildFile; fileRef = 82048F71280E82DF000BACC3 /* SettingsView.swift */; };
		82048F74280E855B000BACC3 /* SettingsLabelView.swift in Sources */ = {isa = PBXBuildFile; fileRef = 82048F73280E855B000BACC3 /* SettingsLabelView.swift */; };
		82048F76280E8D8E000BACC3 /* SettingsRowView.swift in Sources */ = {isa = PBXBuildFile; fileRef = 82048F75280E8D8E000BACC3 /* SettingsRowView.swift */; };
		82AF6EBE280D54850089D430 /* FruitsApp.swift in Sources */ = {isa = PBXBuildFile; fileRef = 82AF6EBD280D54850089D430 /* FruitsApp.swift */; };
		82AF6EC0280D54850089D430 /* ContentView.swift in Sources */ = {isa = PBXBuildFile; fileRef = 82AF6EBF280D54850089D430 /* ContentView.swift */; };
		82AF6EC2280D54860089D430 /* Assets.xcassets in Resources */ = {isa = PBXBuildFile; fileRef = 82AF6EC1280D54860089D430 /* Assets.xcassets */; };
		82AF6EC5280D54860089D430 /* Preview Assets.xcassets in Resources */ = {isa = PBXBuildFile; fileRef = 82AF6EC4280D54860089D430 /* Preview Assets.xcassets */; };
		82AF6ECE280D596C0089D430 /* FruitCardView.swift in Sources */ = {isa = PBXBuildFile; fileRef = 82AF6ECD280D596C0089D430 /* FruitCardView.swift */; };
		82AF6ED2280D5BE30089D430 /* StartButtonView.swift in Sources */ = {isa = PBXBuildFile; fileRef = 82AF6ED1280D5BE30089D430 /* StartButtonView.swift */; };
		82AF6ED4280D5EAF0089D430 /* OnboardingView.swift in Sources */ = {isa = PBXBuildFile; fileRef = 82AF6ED3280D5EAF0089D430 /* OnboardingView.swift */; };
/* End PBXBuildFile section */

/* Begin PBXFileReference section */
		82048F62280E72B9000BACC3 /* FruitModel.swift */ = {isa = PBXFileReference; lastKnownFileType = sourcecode.swift; path = FruitModel.swift; sourceTree = "<group>"; };
		82048F65280E7330000BACC3 /* FruitData.swift */ = {isa = PBXFileReference; lastKnownFileType = sourcecode.swift; path = FruitData.swift; sourceTree = "<group>"; };
		82048F67280E7704000BACC3 /* FruitRowView.swift */ = {isa = PBXFileReference; lastKnownFileType = sourcecode.swift; path = FruitRowView.swift; sourceTree = "<group>"; };
		82048F69280E79A3000BACC3 /* FruitDetailView.swift */ = {isa = PBXFileReference; lastKnownFileType = sourcecode.swift; path = FruitDetailView.swift; sourceTree = "<group>"; };
		82048F6B280E7B7A000BACC3 /* FruitHeaderView.swift */ = {isa = PBXFileReference; lastKnownFileType = sourcecode.swift; path = FruitHeaderView.swift; sourceTree = "<group>"; };
		82048F6D280E7D02000BACC3 /* SourceLinkView.swift */ = {isa = PBXFileReference; lastKnownFileType = sourcecode.swift; path = SourceLinkView.swift; sourceTree = "<group>"; };
		82048F6F280E7E82000BACC3 /* FriutNutrientsView.swift */ = {isa = PBXFileReference; lastKnownFileType = sourcecode.swift; path = FriutNutrientsView.swift; sourceTree = "<group>"; };
		82048F71280E82DF000BACC3 /* SettingsView.swift */ = {isa = PBXFileReference; lastKnownFileType = sourcecode.swift; path = SettingsView.swift; sourceTree = "<group>"; };
		82048F73280E855B000BACC3 /* SettingsLabelView.swift */ = {isa = PBXFileReference; lastKnownFileType = sourcecode.swift; path = SettingsLabelView.swift; sourceTree = "<group>"; };
		82048F75280E8D8E000BACC3 /* SettingsRowView.swift */ = {isa = PBXFileReference; lastKnownFileType = sourcecode.swift; path = SettingsRowView.swift; sourceTree = "<group>"; };
		82AF6EBA280D54850089D430 /* Fruits.app */ = {isa = PBXFileReference; explicitFileType = wrapper.application; includeInIndex = 0; path = Fruits.app; sourceTree = BUILT_PRODUCTS_DIR; };
		82AF6EBD280D54850089D430 /* FruitsApp.swift */ = {isa = PBXFileReference; lastKnownFileType = sourcecode.swift; path = FruitsApp.swift; sourceTree = "<group>"; };
		82AF6EBF280D54850089D430 /* ContentView.swift */ = {isa = PBXFileReference; lastKnownFileType = sourcecode.swift; path = ContentView.swift; sourceTree = "<group>"; };
		82AF6EC1280D54860089D430 /* Assets.xcassets */ = {isa = PBXFileReference; lastKnownFileType = folder.assetcatalog; path = Assets.xcassets; sourceTree = "<group>"; };
		82AF6EC4280D54860089D430 /* Preview Assets.xcassets */ = {isa = PBXFileReference; lastKnownFileType = folder.assetcatalog; path = "Preview Assets.xcassets"; sourceTree = "<group>"; };
		82AF6ECD280D596C0089D430 /* FruitCardView.swift */ = {isa = PBXFileReference; lastKnownFileType = sourcecode.swift; path = FruitCardView.swift; sourceTree = "<group>"; };
		82AF6ED1280D5BE30089D430 /* StartButtonView.swift */ = {isa = PBXFileReference; lastKnownFileType = sourcecode.swift; path = StartButtonView.swift; sourceTree = "<group>"; };
		82AF6ED3280D5EAF0089D430 /* OnboardingView.swift */ = {isa = PBXFileReference; lastKnownFileType = sourcecode.swift; path = OnboardingView.swift; sourceTree = "<group>"; };
/* End PBXFileReference section */

/* Begin PBXFrameworksBuildPhase section */
		82AF6EB7280D54850089D430 /* Frameworks */ = {
			isa = PBXFrameworksBuildPhase;
			buildActionMask = 2147483647;
			files = (
			);
			runOnlyForDeploymentPostprocessing = 0;
		};
/* End PBXFrameworksBuildPhase section */

/* Begin PBXGroup section */
		82048F61280E72AB000BACC3 /* Model */ = {
			isa = PBXGroup;
			children = (
				82048F62280E72B9000BACC3 /* FruitModel.swift */,
			);
			path = Model;
			sourceTree = "<group>";
		};
		82048F64280E7322000BACC3 /* Data */ = {
			isa = PBXGroup;
			children = (
				82048F65280E7330000BACC3 /* FruitData.swift */,
			);
			path = Data;
			sourceTree = "<group>";
		};
		82AF6EB1280D54850089D430 = {
			isa = PBXGroup;
			children = (
				82AF6EBC280D54850089D430 /* Fruits */,
				82AF6EBB280D54850089D430 /* Products */,
			);
			sourceTree = "<group>";
		};
		82AF6EBB280D54850089D430 /* Products */ = {
			isa = PBXGroup;
			children = (
				82AF6EBA280D54850089D430 /* Fruits.app */,
			);
			name = Products;
			sourceTree = "<group>";
		};
		82AF6EBC280D54850089D430 /* Fruits */ = {
			isa = PBXGroup;
			children = (
				82048F64280E7322000BACC3 /* Data */,
				82048F61280E72AB000BACC3 /* Model */,
				82AF6ECC280D594E0089D430 /* View */,
				82AF6ECB280D592E0089D430 /* App */,
				82AF6EC1280D54860089D430 /* Assets.xcassets */,
				82AF6EC3280D54860089D430 /* Preview Content */,
			);
			path = Fruits;
			sourceTree = "<group>";
		};
		82AF6EC3280D54860089D430 /* Preview Content */ = {
			isa = PBXGroup;
			children = (
				82AF6EC4280D54860089D430 /* Preview Assets.xcassets */,
			);
			path = "Preview Content";
			sourceTree = "<group>";
		};
		82AF6ECB280D592E0089D430 /* App */ = {
			isa = PBXGroup;
			children = (
				82AF6EBD280D54850089D430 /* FruitsApp.swift */,
				82AF6EBF280D54850089D430 /* ContentView.swift */,
				82AF6ED3280D5EAF0089D430 /* OnboardingView.swift */,
				82048F69280E79A3000BACC3 /* FruitDetailView.swift */,
				82048F71280E82DF000BACC3 /* SettingsView.swift */,
			);
			path = App;
			sourceTree = "<group>";
		};
		82AF6ECC280D594E0089D430 /* View */ = {
			isa = PBXGroup;
			children = (
				82AF6ECD280D596C0089D430 /* FruitCardView.swift */,
				82AF6ED1280D5BE30089D430 /* StartButtonView.swift */,
				82048F67280E7704000BACC3 /* FruitRowView.swift */,
				82048F6B280E7B7A000BACC3 /* FruitHeaderView.swift */,
				82048F6D280E7D02000BACC3 /* SourceLinkView.swift */,
				82048F6F280E7E82000BACC3 /* FriutNutrientsView.swift */,
				82048F73280E855B000BACC3 /* SettingsLabelView.swift */,
				82048F75280E8D8E000BACC3 /* SettingsRowView.swift */,
			);
			path = View;
			sourceTree = "<group>";
		};
/* End PBXGroup section */

/* Begin PBXNativeTarget section */
		82AF6EB9280D54850089D430 /* Fruits */ = {
			isa = PBXNativeTarget;
			buildConfigurationList = 82AF6EC8280D54860089D430 /* Build configuration list for PBXNativeTarget "Fruits" */;
			buildPhases = (
				82AF6EB6280D54850089D430 /* Sources */,
				82AF6EB7280D54850089D430 /* Frameworks */,
				82AF6EB8280D54850089D430 /* Resources */,
			);
			buildRules = (
			);
			dependencies = (
			);
			name = Fruits;
			productName = Fruits;
			productReference = 82AF6EBA280D54850089D430 /* Fruits.app */;
			productType = "com.apple.product-type.application";
		};
/* End PBXNativeTarget section */

/* Begin PBXProject section */
		82AF6EB2280D54850089D430 /* Project object */ = {
			isa = PBXProject;
			attributes = {
				BuildIndependentTargetsInParallel = 1;
				LastSwiftUpdateCheck = 1320;
				LastUpgradeCheck = 1320;
				TargetAttributes = {
					82AF6EB9280D54850089D430 = {
						CreatedOnToolsVersion = 13.2.1;
					};
				};
			};
			buildConfigurationList = 82AF6EB5280D54850089D430 /* Build configuration list for PBXProject "Fruits" */;
			compatibilityVersion = "Xcode 13.0";
			developmentRegion = en;
			hasScannedForEncodings = 0;
			knownRegions = (
				en,
				Base,
			);
			mainGroup = 82AF6EB1280D54850089D430;
			productRefGroup = 82AF6EBB280D54850089D430 /* Products */;
			projectDirPath = "";
			projectRoot = "";
			targets = (
				82AF6EB9280D54850089D430 /* Fruits */,
			);
		};
/* End PBXProject section */

/* Begin PBXResourcesBuildPhase section */
		82AF6EB8280D54850089D430 /* Resources */ = {
			isa = PBXResourcesBuildPhase;
			buildActionMask = 2147483647;
			files = (
				82AF6EC5280D54860089D430 /* Preview Assets.xcassets in Resources */,
				82AF6EC2280D54860089D430 /* Assets.xcassets in Resources */,
			);
			runOnlyForDeploymentPostprocessing = 0;
		};
/* End PBXResourcesBuildPhase section */

/* Begin PBXSourcesBuildPhase section */
		82AF6EB6280D54850089D430 /* Sources */ = {
			isa = PBXSourcesBuildPhase;
			buildActionMask = 2147483647;
			files = (
				82048F66280E7330000BACC3 /* FruitData.swift in Sources */,
				82048F6E280E7D02000BACC3 /* SourceLinkView.swift in Sources */,
				82048F76280E8D8E000BACC3 /* SettingsRowView.swift in Sources */,
				82AF6ECE280D596C0089D430 /* FruitCardView.swift in Sources */,
				82AF6ED2280D5BE30089D430 /* StartButtonView.swift in Sources */,
				82048F70280E7E82000BACC3 /* FriutNutrientsView.swift in Sources */,
				82AF6EC0280D54850089D430 /* ContentView.swift in Sources */,
				82048F6A280E79A3000BACC3 /* FruitDetailView.swift in Sources */,
				82048F68280E7704000BACC3 /* FruitRowView.swift in Sources */,
				82048F6C280E7B7A000BACC3 /* FruitHeaderView.swift in Sources */,
				82AF6ED4280D5EAF0089D430 /* OnboardingView.swift in Sources */,
				82048F74280E855B000BACC3 /* SettingsLabelView.swift in Sources */,
				82048F63280E72B9000BACC3 /* FruitModel.swift in Sources */,
				82AF6EBE280D54850089D430 /* FruitsApp.swift in Sources */,
				82048F72280E82DF000BACC3 /* SettingsView.swift in Sources */,
			);
			runOnlyForDeploymentPostprocessing = 0;
		};
/* End PBXSourcesBuildPhase section */

/* Begin XCBuildConfiguration section */
		82AF6EC6280D54860089D430 /* Debug */ = {
			isa = XCBuildConfiguration;
			buildSettings = {
				ALWAYS_SEARCH_USER_PATHS = NO;
				CLANG_ANALYZER_NONNULL = YES;
				CLANG_ANALYZER_NUMBER_OBJECT_CONVERSION = YES_AGGRESSIVE;
				CLANG_CXX_LANGUAGE_STANDARD = "gnu++17";
				CLANG_CXX_LIBRARY = "libc++";
				CLANG_ENABLE_MODULES = YES;
				CLANG_ENABLE_OBJC_ARC = YES;
				CLANG_ENABLE_OBJC_WEAK = YES;
				CLANG_WARN_BLOCK_CAPTURE_AUTORELEASING = YES;
				CLANG_WARN_BOOL_CONVERSION = YES;
				CLANG_WARN_COMMA = YES;
				CLANG_WARN_CONSTANT_CONVERSION = YES;
				CLANG_WARN_DEPRECATED_OBJC_IMPLEMENTATIONS = YES;
				CLANG_WARN_DIRECT_OBJC_ISA_USAGE = YES_ERROR;
				CLANG_WARN_DOCUMENTATION_COMMENTS = YES;
				CLANG_WARN_EMPTY_BODY = YES;
				CLANG_WARN_ENUM_CONVERSION = YES;
				CLANG_WARN_INFINITE_RECURSION = YES;
				CLANG_WARN_INT_CONVERSION = YES;
				CLANG_WARN_NON_LITERAL_NULL_CONVERSION = YES;
				CLANG_WARN_OBJC_IMPLICIT_RETAIN_SELF = YES;
				CLANG_WARN_OBJC_LITERAL_CONVERSION = YES;
				CLANG_WARN_OBJC_ROOT_CLASS = YES_ERROR;
				CLANG_WARN_QUOTED_INCLUDE_IN_FRAMEWORK_HEADER = YES;
				CLANG_WARN_RANGE_LOOP_ANALYSIS = YES;
				CLANG_WARN_STRICT_PROTOTYPES = YES;
				CLANG_WARN_SUSPICIOUS_MOVE = YES;
				CLANG_WARN_UNGUARDED_AVAILABILITY = YES_AGGRESSIVE;
				CLANG_WARN_UNREACHABLE_CODE = YES;
				CLANG_WARN__DUPLICATE_METHOD_MATCH = YES;
				COPY_PHASE_STRIP = NO;
				DEBUG_INFORMATION_FORMAT = dwarf;
				ENABLE_STRICT_OBJC_MSGSEND = YES;
				ENABLE_TESTABILITY = YES;
				GCC_C_LANGUAGE_STANDARD = gnu11;
				GCC_DYNAMIC_NO_PIC = NO;
				GCC_NO_COMMON_BLOCKS = YES;
				GCC_OPTIMIZATION_LEVEL = 0;
				GCC_PREPROCESSOR_DEFINITIONS = (
					"DEBUG=1",
					"$(inherited)",
				);
				GCC_WARN_64_TO_32_BIT_CONVERSION = YES;
				GCC_WARN_ABOUT_RETURN_TYPE = YES_ERROR;
				GCC_WARN_UNDECLARED_SELECTOR = YES;
				GCC_WARN_UNINITIALIZED_AUTOS = YES_AGGRESSIVE;
				GCC_WARN_UNUSED_FUNCTION = YES;
				GCC_WARN_UNUSED_VARIABLE = YES;
				IPHONEOS_DEPLOYMENT_TARGET = 15.2;
				MTL_ENABLE_DEBUG_INFO = INCLUDE_SOURCE;
				MTL_FAST_MATH = YES;
				ONLY_ACTIVE_ARCH = YES;
				SDKROOT = iphoneos;
				SWIFT_ACTIVE_COMPILATION_CONDITIONS = DEBUG;
				SWIFT_OPTIMIZATION_LEVEL = "-Onone";
			};
			name = Debug;
		};
		82AF6EC7280D54860089D430 /* Release */ = {
			isa = XCBuildConfiguration;
			buildSettings = {
				ALWAYS_SEARCH_USER_PATHS = NO;
				CLANG_ANALYZER_NONNULL = YES;
				CLANG_ANALYZER_NUMBER_OBJECT_CONVERSION = YES_AGGRESSIVE;
				CLANG_CXX_LANGUAGE_STANDARD = "gnu++17";
				CLANG_CXX_LIBRARY = "libc++";
				CLANG_ENABLE_MODULES = YES;
				CLANG_ENABLE_OBJC_ARC = YES;
				CLANG_ENABLE_OBJC_WEAK = YES;
				CLANG_WARN_BLOCK_CAPTURE_AUTORELEASING = YES;
				CLANG_WARN_BOOL_CONVERSION = YES;
				CLANG_WARN_COMMA = YES;
				CLANG_WARN_CONSTANT_CONVERSION = YES;
				CLANG_WARN_DEPRECATED_OBJC_IMPLEMENTATIONS = YES;
				CLANG_WARN_DIRECT_OBJC_ISA_USAGE = YES_ERROR;
				CLANG_WARN_DOCUMENTATION_COMMENTS = YES;
				CLANG_WARN_EMPTY_BODY = YES;
				CLANG_WARN_ENUM_CONVERSION = YES;
				CLANG_WARN_INFINITE_RECURSION = YES;
				CLANG_WARN_INT_CONVERSION = YES;
				CLANG_WARN_NON_LITERAL_NULL_CONVERSION = YES;
				CLANG_WARN_OBJC_IMPLICIT_RETAIN_SELF = YES;
				CLANG_WARN_OBJC_LITERAL_CONVERSION = YES;
				CLANG_WARN_OBJC_ROOT_CLASS = YES_ERROR;
				CLANG_WARN_QUOTED_INCLUDE_IN_FRAMEWORK_HEADER = YES;
				CLANG_WARN_RANGE_LOOP_ANALYSIS = YES;
				CLANG_WARN_STRICT_PROTOTYPES = YES;
				CLANG_WARN_SUSPICIOUS_MOVE = YES;
				CLANG_WARN_UNGUARDED_AVAILABILITY = YES_AGGRESSIVE;
				CLANG_WARN_UNREACHABLE_CODE = YES;
				CLANG_WARN__DUPLICATE_METHOD_MATCH = YES;
				COPY_PHASE_STRIP = NO;
				DEBUG_INFORMATION_FORMAT = "dwarf-with-dsym";
				ENABLE_NS_ASSERTIONS = NO;
				ENABLE_STRICT_OBJC_MSGSEND = YES;
				GCC_C_LANGUAGE_STANDARD = gnu11;
				GCC_NO_COMMON_BLOCKS = YES;
				GCC_WARN_64_TO_32_BIT_CONVERSION = YES;
				GCC_WARN_ABOUT_RETURN_TYPE = YES_ERROR;
				GCC_WARN_UNDECLARED_SELECTOR = YES;
				GCC_WARN_UNINITIALIZED_AUTOS = YES_AGGRESSIVE;
				GCC_WARN_UNUSED_FUNCTION = YES;
				GCC_WARN_UNUSED_VARIABLE = YES;
				IPHONEOS_DEPLOYMENT_TARGET = 15.2;
				MTL_ENABLE_DEBUG_INFO = NO;
				MTL_FAST_MATH = YES;
				SDKROOT = iphoneos;
				SWIFT_COMPILATION_MODE = wholemodule;
				SWIFT_OPTIMIZATION_LEVEL = "-O";
				VALIDATE_PRODUCT = YES;
			};
			name = Release;
		};
		82AF6EC9280D54860089D430 /* Debug */ = {
			isa = XCBuildConfiguration;
			buildSettings = {
				ASSETCATALOG_COMPILER_APPICON_NAME = AppIcon;
				ASSETCATALOG_COMPILER_GLOBAL_ACCENT_COLOR_NAME = AccentColor;
				CODE_SIGN_STYLE = Automatic;
				CURRENT_PROJECT_VERSION = 1;
				DEVELOPMENT_ASSET_PATHS = "\"Fruits/Preview Content\"";
				ENABLE_PREVIEWS = YES;
				GENERATE_INFOPLIST_FILE = YES;
				INFOPLIST_KEY_UIApplicationSceneManifest_Generation = YES;
				INFOPLIST_KEY_UIApplicationSupportsIndirectInputEvents = YES;
				INFOPLIST_KEY_UILaunchScreen_Generation = YES;
				INFOPLIST_KEY_UISupportedInterfaceOrientations = UIInterfaceOrientationPortrait;
				INFOPLIST_KEY_UISupportedInterfaceOrientations_iPad = "UIInterfaceOrientationPortrait UIInterfaceOrientationPortraitUpsideDown UIInterfaceOrientationLandscapeLeft UIInterfaceOrientationLandscapeRight";
				INFOPLIST_KEY_UISupportedInterfaceOrientations_iPhone = UIInterfaceOrientationPortrait;
				LD_RUNPATH_SEARCH_PATHS = (
					"$(inherited)",
					"@executable_path/Frameworks",
				);
				MARKETING_VERSION = 1.0;
				PRODUCT_BUNDLE_IDENTIFIER = woogi.Fruits;
				PRODUCT_NAME = "$(TARGET_NAME)";
				SWIFT_EMIT_LOC_STRINGS = YES;
				SWIFT_VERSION = 5.0;
				TARGETED_DEVICE_FAMILY = "1,2";
			};
			name = Debug;
		};
		82AF6ECA280D54860089D430 /* Release */ = {
			isa = XCBuildConfiguration;
			buildSettings = {
				ASSETCATALOG_COMPILER_APPICON_NAME = AppIcon;
				ASSETCATALOG_COMPILER_GLOBAL_ACCENT_COLOR_NAME = AccentColor;
				CODE_SIGN_STYLE = Automatic;
				CURRENT_PROJECT_VERSION = 1;
				DEVELOPMENT_ASSET_PATHS = "\"Fruits/Preview Content\"";
				ENABLE_PREVIEWS = YES;
				GENERATE_INFOPLIST_FILE = YES;
				INFOPLIST_KEY_UIApplicationSceneManifest_Generation = YES;
				INFOPLIST_KEY_UIApplicationSupportsIndirectInputEvents = YES;
				INFOPLIST_KEY_UILaunchScreen_Generation = YES;
				INFOPLIST_KEY_UISupportedInterfaceOrientations = UIInterfaceOrientationPortrait;
				INFOPLIST_KEY_UISupportedInterfaceOrientations_iPad = "UIInterfaceOrientationPortrait UIInterfaceOrientationPortraitUpsideDown UIInterfaceOrientationLandscapeLeft UIInterfaceOrientationLandscapeRight";
				INFOPLIST_KEY_UISupportedInterfaceOrientations_iPhone = UIInterfaceOrientationPortrait;
				LD_RUNPATH_SEARCH_PATHS = (
					"$(inherited)",
					"@executable_path/Frameworks",
				);
				MARKETING_VERSION = 1.0;
				PRODUCT_BUNDLE_IDENTIFIER = woogi.Fruits;
				PRODUCT_NAME = "$(TARGET_NAME)";
				SWIFT_EMIT_LOC_STRINGS = YES;
				SWIFT_VERSION = 5.0;
				TARGETED_DEVICE_FAMILY = "1,2";
			};
			name = Release;
		};
/* End XCBuildConfiguration section */

/* Begin XCConfigurationList section */
		82AF6EB5280D54850089D430 /* Build configuration list for PBXProject "Fruits" */ = {
			isa = XCConfigurationList;
			buildConfigurations = (
				82AF6EC6280D54860089D430 /* Debug */,
				82AF6EC7280D54860089D430 /* Release */,
			);
			defaultConfigurationIsVisible = 0;
			defaultConfigurationName = Release;
		};
		82AF6EC8280D54860089D430 /* Build configuration list for PBXNativeTarget "Fruits" */ = {
			isa = XCConfigurationList;
			buildConfigurations = (
				82AF6EC9280D54860089D430 /* Debug */,
				82AF6ECA280D54860089D430 /* Release */,
			);
			defaultConfigurationIsVisible = 0;
			defaultConfigurationName = Release;
		};
/* End XCConfigurationList section */
	};
	rootObject = 82AF6EB2280D54850089D430 /* Project object */;
}
